
Microsoft Visual Studio Solution File, Format Version 12.00
# Visual Studio 14
VisualStudioVersion = 14.0.25420.1
MinimumVisualStudioVersion = 10.0.40219.1
Project("{2150E333-8FDC-42A3-9474-1A3956D46DE8}") = "Source", "Source", "{700E189E-5A01-4098-8929-255EC7B4741F}"
EndProject
Project("{FAE04EC0-301F-11D3-BF4B-00C04F79EFBC}") = "Sigcomt.Business.Entity", "Source\Sigcomt.Business.Entity\Sigcomt.Business.Entity.csproj", "{5F8BB5E3-3EEE-4AAE-ACB8-284C35B57135}"
EndProject
Project("{FAE04EC0-301F-11D3-BF4B-00C04F79EFBC}") = "Sigcomt.Business.Logic", "Source\Sigcomt.Business.Logic\Sigcomt.Business.Logic.csproj", "{40E4A67F-C0A8-48A4-90EB-470F31E0D7F2}"
EndProject
Project("{FAE04EC0-301F-11D3-BF4B-00C04F79EFBC}") = "Sigcomt.Common", "Source\Sigcomt.Common\Sigcomt.Common.csproj", "{D42A0D10-1E4E-4035-B518-20D227F09593}"
EndProject
Project("{FAE04EC0-301F-11D3-BF4B-00C04F79EFBC}") = "Sigcomt.DataAccess", "Source\Sigcomt.DataAccess\Sigcomt.DataAccess.csproj", "{2F621E12-F808-4B68-ACB2-73B51B35CC2F}"
EndProject
Project("{FAE04EC0-301F-11D3-BF4B-00C04F79EFBC}") = "Sigcomt.DTO", "Source\Sigcomt.DTO\Sigcomt.DTO.csproj", "{F981A8A8-E20B-4FA0-9AEB-BAB1A4030A51}"
EndProject
Project("{FAE04EC0-301F-11D3-BF4B-00C04F79EFBC}") = "Sigcomt.Web", "Source\Sigcomt.Web\Sigcomt.Web.csproj", "{A8D9B93A-DCCE-4CBC-94E6-98939E0367A4}"
EndProject
Project("{FAE04EC0-301F-11D3-BF4B-00C04F79EFBC}") = "Sigcomt.WebApi", "Source\Sigcomt.WebApi\Sigcomt.WebApi.csproj", "{A55F0BE5-12C4-4C3D-AD71-DC06566A821C}"
EndProject
Project("{FAE04EC0-301F-11D3-BF4B-00C04F79EFBC}") = "Sigcomt.ActiveDirectory", "Source\Sigcomt.ActiveDirectory\Sigcomt.ActiveDirectory.csproj", "{AAA7FC84-41DF-49AE-AB0E-B88B020CF6E6}"
EndProject
Project("{2150E333-8FDC-42A3-9474-1A3956D46DE8}") = "Database", "Database", "{62F0C26F-C742-4398-88EE-F9287A4E1D79}"
	ProjectSection(SolutionItems) = preProject
		Database\1. BD.sql = Database\1. BD.sql
		Database\2. Datos.sql = Database\2. Datos.sql
	EndProjectSection
EndProject
Project("{2150E333-8FDC-42A3-9474-1A3956D46DE8}") = "Lib", "Lib", "{D723245C-A141-48E2-8A34-E21297336BD0}"
EndProject
Project("{FAE04EC0-301F-11D3-BF4B-00C04F79EFBC}") = "Sigcomt.Scheduler.BulkFile", "Source\Sigcomt.Scheduler.BulkFile\Sigcomt.Scheduler.BulkFile.csproj", "{F8825476-AA9E-467B-92CB-FBBDFDE7BB12}"
EndProject
Project("{FAE04EC0-301F-11D3-BF4B-00C04F79EFBC}") = "Sigcomt.Cache", "Source\Sigcomt.Cache\Sigcomt.Cache.csproj", "{3DBABE0E-6B92-4328-A1B8-16F7D96505FC}"
EndProject
Global
	GlobalSection(SolutionConfigurationPlatforms) = preSolution
		CD_ROM|Any CPU = CD_ROM|Any CPU
		Debug|Any CPU = Debug|Any CPU
		DVD-5|Any CPU = DVD-5|Any CPU
		Release|Any CPU = Release|Any CPU
		SingleImage|Any CPU = SingleImage|Any CPU
	EndGlobalSection
	GlobalSection(ProjectConfigurationPlatforms) = postSolution
		{5F8BB5E3-3EEE-4AAE-ACB8-284C35B57135}.CD_ROM|Any CPU.ActiveCfg = Release|Any CPU
		{5F8BB5E3-3EEE-4AAE-ACB8-284C35B57135}.CD_ROM|Any CPU.Build.0 = Release|Any CPU
		{5F8BB5E3-3EEE-4AAE-ACB8-284C35B57135}.Debug|Any CPU.ActiveCfg = Debug|Any CPU
		{5F8BB5E3-3EEE-4AAE-ACB8-284C35B57135}.Debug|Any CPU.Build.0 = Debug|Any CPU
		{5F8BB5E3-3EEE-4AAE-ACB8-284C35B57135}.DVD-5|Any CPU.ActiveCfg = Debug|Any CPU
		{5F8BB5E3-3EEE-4AAE-ACB8-284C35B57135}.DVD-5|Any CPU.Build.0 = Debug|Any CPU
		{5F8BB5E3-3EEE-4AAE-ACB8-284C35B57135}.Release|Any CPU.ActiveCfg = Release|Any CPU
		{5F8BB5E3-3EEE-4AAE-ACB8-284C35B57135}.Release|Any CPU.Build.0 = Release|Any CPU
		{5F8BB5E3-3EEE-4AAE-ACB8-284C35B57135}.SingleImage|Any CPU.ActiveCfg = Release|Any CPU
		{5F8BB5E3-3EEE-4AAE-ACB8-284C35B57135}.SingleImage|Any CPU.Build.0 = Release|Any CPU
		{40E4A67F-C0A8-48A4-90EB-470F31E0D7F2}.CD_ROM|Any CPU.ActiveCfg = Release|Any CPU
		{40E4A67F-C0A8-48A4-90EB-470F31E0D7F2}.CD_ROM|Any CPU.Build.0 = Release|Any CPU
		{40E4A67F-C0A8-48A4-90EB-470F31E0D7F2}.Debug|Any CPU.ActiveCfg = Debug|Any CPU
		{40E4A67F-C0A8-48A4-90EB-470F31E0D7F2}.Debug|Any CPU.Build.0 = Debug|Any CPU
		{40E4A67F-C0A8-48A4-90EB-470F31E0D7F2}.DVD-5|Any CPU.ActiveCfg = Debug|Any CPU
		{40E4A67F-C0A8-48A4-90EB-470F31E0D7F2}.DVD-5|Any CPU.Build.0 = Debug|Any CPU
		{40E4A67F-C0A8-48A4-90EB-470F31E0D7F2}.Release|Any CPU.ActiveCfg = Release|Any CPU
		{40E4A67F-C0A8-48A4-90EB-470F31E0D7F2}.Release|Any CPU.Build.0 = Release|Any CPU
		{40E4A67F-C0A8-48A4-90EB-470F31E0D7F2}.SingleImage|Any CPU.ActiveCfg = Release|Any CPU
		{40E4A67F-C0A8-48A4-90EB-470F31E0D7F2}.SingleImage|Any CPU.Build.0 = Release|Any CPU
		{D42A0D10-1E4E-4035-B518-20D227F09593}.CD_ROM|Any CPU.ActiveCfg = Release|Any CPU
		{D42A0D10-1E4E-4035-B518-20D227F09593}.CD_ROM|Any CPU.Build.0 = Release|Any CPU
		{D42A0D10-1E4E-4035-B518-20D227F09593}.Debug|Any CPU.ActiveCfg = Debug|Any CPU
		{D42A0D10-1E4E-4035-B518-20D227F09593}.Debug|Any CPU.Build.0 = Debug|Any CPU
		{D42A0D10-1E4E-4035-B518-20D227F09593}.DVD-5|Any CPU.ActiveCfg = Debug|Any CPU
		{D42A0D10-1E4E-4035-B518-20D227F09593}.DVD-5|Any CPU.Build.0 = Debug|Any CPU
		{D42A0D10-1E4E-4035-B518-20D227F09593}.Release|Any CPU.ActiveCfg = Release|Any CPU
		{D42A0D10-1E4E-4035-B518-20D227F09593}.Release|Any CPU.Build.0 = Release|Any CPU
		{D42A0D10-1E4E-4035-B518-20D227F09593}.SingleImage|Any CPU.ActiveCfg = Release|Any CPU
		{D42A0D10-1E4E-4035-B518-20D227F09593}.SingleImage|Any CPU.Build.0 = Release|Any CPU
		{2F621E12-F808-4B68-ACB2-73B51B35CC2F}.CD_ROM|Any CPU.ActiveCfg = Release|Any CPU
		{2F621E12-F808-4B68-ACB2-73B51B35CC2F}.CD_ROM|Any CPU.Build.0 = Release|Any CPU
		{2F621E12-F808-4B68-ACB2-73B51B35CC2F}.Debug|Any CPU.ActiveCfg = Debug|Any CPU
		{2F621E12-F808-4B68-ACB2-73B51B35CC2F}.Debug|Any CPU.Build.0 = Debug|Any CPU
		{2F621E12-F808-4B68-ACB2-73B51B35CC2F}.DVD-5|Any CPU.ActiveCfg = Debug|Any CPU
		{2F621E12-F808-4B68-ACB2-73B51B35CC2F}.DVD-5|Any CPU.Build.0 = Debug|Any CPU
		{2F621E12-F808-4B68-ACB2-73B51B35CC2F}.Release|Any CPU.ActiveCfg = Release|Any CPU
		{2F621E12-F808-4B68-ACB2-73B51B35CC2F}.Release|Any CPU.Build.0 = Release|Any CPU
		{2F621E12-F808-4B68-ACB2-73B51B35CC2F}.SingleImage|Any CPU.ActiveCfg = Release|Any CPU
		{2F621E12-F808-4B68-ACB2-73B51B35CC2F}.SingleImage|Any CPU.Build.0 = Release|Any CPU
		{F981A8A8-E20B-4FA0-9AEB-BAB1A4030A51}.CD_ROM|Any CPU.ActiveCfg = Release|Any CPU
		{F981A8A8-E20B-4FA0-9AEB-BAB1A4030A51}.CD_ROM|Any CPU.Build.0 = Release|Any CPU
		{F981A8A8-E20B-4FA0-9AEB-BAB1A4030A51}.Debug|Any CPU.ActiveCfg = Debug|Any CPU
		{F981A8A8-E20B-4FA0-9AEB-BAB1A4030A51}.Debug|Any CPU.Build.0 = Debug|Any CPU
		{F981A8A8-E20B-4FA0-9AEB-BAB1A4030A51}.DVD-5|Any CPU.ActiveCfg = Debug|Any CPU
		{F981A8A8-E20B-4FA0-9AEB-BAB1A4030A51}.DVD-5|Any CPU.Build.0 = Debug|Any CPU
		{F981A8A8-E20B-4FA0-9AEB-BAB1A4030A51}.Release|Any CPU.ActiveCfg = Release|Any CPU
		{F981A8A8-E20B-4FA0-9AEB-BAB1A4030A51}.Release|Any CPU.Build.0 = Release|Any CPU
		{F981A8A8-E20B-4FA0-9AEB-BAB1A4030A51}.SingleImage|Any CPU.ActiveCfg = Release|Any CPU
		{F981A8A8-E20B-4FA0-9AEB-BAB1A4030A51}.SingleImage|Any CPU.Build.0 = Release|Any CPU
		{A8D9B93A-DCCE-4CBC-94E6-98939E0367A4}.CD_ROM|Any CPU.ActiveCfg = Release|Any CPU
		{A8D9B93A-DCCE-4CBC-94E6-98939E0367A4}.CD_ROM|Any CPU.Build.0 = Release|Any CPU
		{A8D9B93A-DCCE-4CBC-94E6-98939E0367A4}.Debug|Any CPU.ActiveCfg = Debug|Any CPU
		{A8D9B93A-DCCE-4CBC-94E6-98939E0367A4}.Debug|Any CPU.Build.0 = Debug|Any CPU
		{A8D9B93A-DCCE-4CBC-94E6-98939E0367A4}.DVD-5|Any CPU.ActiveCfg = Debug|Any CPU
		{A8D9B93A-DCCE-4CBC-94E6-98939E0367A4}.DVD-5|Any CPU.Build.0 = Debug|Any CPU
		{A8D9B93A-DCCE-4CBC-94E6-98939E0367A4}.Release|Any CPU.ActiveCfg = Release|Any CPU
		{A8D9B93A-DCCE-4CBC-94E6-98939E0367A4}.Release|Any CPU.Build.0 = Release|Any CPU
		{A8D9B93A-DCCE-4CBC-94E6-98939E0367A4}.SingleImage|Any CPU.ActiveCfg = Release|Any CPU
		{A8D9B93A-DCCE-4CBC-94E6-98939E0367A4}.SingleImage|Any CPU.Build.0 = Release|Any CPU
		{A55F0BE5-12C4-4C3D-AD71-DC06566A821C}.CD_ROM|Any CPU.ActiveCfg = Release|Any CPU
		{A55F0BE5-12C4-4C3D-AD71-DC06566A821C}.CD_ROM|Any CPU.Build.0 = Release|Any CPU
		{A55F0BE5-12C4-4C3D-AD71-DC06566A821C}.Debug|Any CPU.ActiveCfg = Debug|Any CPU
		{A55F0BE5-12C4-4C3D-AD71-DC06566A821C}.Debug|Any CPU.Build.0 = Debug|Any CPU
		{A55F0BE5-12C4-4C3D-AD71-DC06566A821C}.DVD-5|Any CPU.ActiveCfg = Debug|Any CPU
		{A55F0BE5-12C4-4C3D-AD71-DC06566A821C}.DVD-5|Any CPU.Build.0 = Debug|Any CPU
		{A55F0BE5-12C4-4C3D-AD71-DC06566A821C}.Release|Any CPU.ActiveCfg = Release|Any CPU
		{A55F0BE5-12C4-4C3D-AD71-DC06566A821C}.Release|Any CPU.Build.0 = Release|Any CPU
		{A55F0BE5-12C4-4C3D-AD71-DC06566A821C}.SingleImage|Any CPU.ActiveCfg = Release|Any CPU
		{A55F0BE5-12C4-4C3D-AD71-DC06566A821C}.SingleImage|Any CPU.Build.0 = Release|Any CPU
		{AAA7FC84-41DF-49AE-AB0E-B88B020CF6E6}.CD_ROM|Any CPU.ActiveCfg = Release|Any CPU
		{AAA7FC84-41DF-49AE-AB0E-B88B020CF6E6}.CD_ROM|Any CPU.Build.0 = Release|Any CPU
		{AAA7FC84-41DF-49AE-AB0E-B88B020CF6E6}.Debug|Any CPU.ActiveCfg = Debug|Any CPU
		{AAA7FC84-41DF-49AE-AB0E-B88B020CF6E6}.Debug|Any CPU.Build.0 = Debug|Any CPU
		{AAA7FC84-41DF-49AE-AB0E-B88B020CF6E6}.DVD-5|Any CPU.ActiveCfg = Debug|Any CPU
		{AAA7FC84-41DF-49AE-AB0E-B88B020CF6E6}.DVD-5|Any CPU.Build.0 = Debug|Any CPU
		{AAA7FC84-41DF-49AE-AB0E-B88B020CF6E6}.Release|Any CPU.ActiveCfg = Release|Any CPU
		{AAA7FC84-41DF-49AE-AB0E-B88B020CF6E6}.Release|Any CPU.Build.0 = Release|Any CPU
		{AAA7FC84-41DF-49AE-AB0E-B88B020CF6E6}.SingleImage|Any CPU.ActiveCfg = Release|Any CPU
		{AAA7FC84-41DF-49AE-AB0E-B88B020CF6E6}.SingleImage|Any CPU.Build.0 = Release|Any CPU
		{F8825476-AA9E-467B-92CB-FBBDFDE7BB12}.CD_ROM|Any CPU.ActiveCfg = Release|Any CPU
		{F8825476-AA9E-467B-92CB-FBBDFDE7BB12}.CD_ROM|Any CPU.Build.0 = Release|Any CPU
		{F8825476-AA9E-467B-92CB-FBBDFDE7BB12}.Debug|Any CPU.ActiveCfg = Debug|Any CPU
		{F8825476-AA9E-467B-92CB-FBBDFDE7BB12}.Debug|Any CPU.Build.0 = Debug|Any CPU
		{F8825476-AA9E-467B-92CB-FBBDFDE7BB12}.DVD-5|Any CPU.ActiveCfg = Debug|Any CPU
		{F8825476-AA9E-467B-92CB-FBBDFDE7BB12}.DVD-5|Any CPU.Build.0 = Debug|Any CPU
		{F8825476-AA9E-467B-92CB-FBBDFDE7BB12}.Release|Any CPU.ActiveCfg = Release|Any CPU
		{F8825476-AA9E-467B-92CB-FBBDFDE7BB12}.Release|Any CPU.Build.0 = Release|Any CPU
		{F8825476-AA9E-467B-92CB-FBBDFDE7BB12}.SingleImage|Any CPU.ActiveCfg = Release|Any CPU
		{F8825476-AA9E-467B-92CB-FBBDFDE7BB12}.SingleImage|Any CPU.Build.0 = Release|Any CPU
		{3DBABE0E-6B92-4328-A1B8-16F7D96505FC}.CD_ROM|Any CPU.ActiveCfg = Release|Any CPU
		{3DBABE0E-6B92-4328-A1B8-16F7D96505FC}.CD_ROM|Any CPU.Build.0 = Release|Any CPU
		{3DBABE0E-6B92-4328-A1B8-16F7D96505FC}.Debug|Any CPU.ActiveCfg = Debug|Any CPU
		{3DBABE0E-6B92-4328-A1B8-16F7D96505FC}.Debug|Any CPU.Build.0 = Debug|Any CPU
		{3DBABE0E-6B92-4328-A1B8-16F7D96505FC}.DVD-5|Any CPU.ActiveCfg = Debug|Any CPU
		{3DBABE0E-6B92-4328-A1B8-16F7D96505FC}.DVD-5|Any CPU.Build.0 = Debug|Any CPU
		{3DBABE0E-6B92-4328-A1B8-16F7D96505FC}.Release|Any CPU.ActiveCfg = Release|Any CPU
		{3DBABE0E-6B92-4328-A1B8-16F7D96505FC}.Release|Any CPU.Build.0 = Release|Any CPU
		{3DBABE0E-6B92-4328-A1B8-16F7D96505FC}.SingleImage|Any CPU.ActiveCfg = Release|Any CPU
		{3DBABE0E-6B92-4328-A1B8-16F7D96505FC}.SingleImage|Any CPU.Build.0 = Release|Any CPU
	EndGlobalSection
	GlobalSection(SolutionProperties) = preSolution
		HideSolutionNode = FALSE
	EndGlobalSection
	GlobalSection(NestedProjects) = preSolution
		{5F8BB5E3-3EEE-4AAE-ACB8-284C35B57135} = {700E189E-5A01-4098-8929-255EC7B4741F}
		{40E4A67F-C0A8-48A4-90EB-470F31E0D7F2} = {700E189E-5A01-4098-8929-255EC7B4741F}
		{D42A0D10-1E4E-4035-B518-20D227F09593} = {700E189E-5A01-4098-8929-255EC7B4741F}
		{2F621E12-F808-4B68-ACB2-73B51B35CC2F} = {700E189E-5A01-4098-8929-255EC7B4741F}
		{F981A8A8-E20B-4FA0-9AEB-BAB1A4030A51} = {700E189E-5A01-4098-8929-255EC7B4741F}
		{A8D9B93A-DCCE-4CBC-94E6-98939E0367A4} = {700E189E-5A01-4098-8929-255EC7B4741F}
		{A55F0BE5-12C4-4C3D-AD71-DC06566A821C} = {700E189E-5A01-4098-8929-255EC7B4741F}
		{AAA7FC84-41DF-49AE-AB0E-B88B020CF6E6} = {700E189E-5A01-4098-8929-255EC7B4741F}
		{F8825476-AA9E-467B-92CB-FBBDFDE7BB12} = {700E189E-5A01-4098-8929-255EC7B4741F}
		{3DBABE0E-6B92-4328-A1B8-16F7D96505FC} = {700E189E-5A01-4098-8929-255EC7B4741F}
	EndGlobalSection
	GlobalSection(ExtensibilityGlobals) = postSolution
		SolutionGuid = {49435A58-682D-41FC-832F-CA9CAB0ED217}
		EnterpriseLibraryConfigurationToolBinariesPathV6 = packages\EnterpriseLibrary.Common.6.0.1304.0\lib\NET45;packages\EnterpriseLibrary.Data.6.0.1304.0\lib\NET45
	EndGlobalSection
EndGlobal
